
Microsoft Visual Studio Solution File, Format Version 11.00
# Visual Studio 2010
Project("{FAE04EC0-301F-11D3-BF4B-00C04F79EFBC}") = "KarmaLoop", "KarmaLoop\KarmaLoop.csproj", "{5FFF6C19-53F6-46E4-89C2-720E2210DA60}"
EndProject
Project("{2150E333-8FDC-42A3-9474-1A3956D46DE8}") = "Solution Items", "Solution Items", "{B8FF9567-4105-4298-944F-65847B422970}"
	ProjectSection(SolutionItems) = preProject
		KarmaLoop\bin\Debug\KarmaLoop.dll.config = KarmaLoop\bin\Debug\KarmaLoop.dll.config
	EndProjectSection
EndProject
Global
	GlobalSection(SolutionConfigurationPlatforms) = preSolution
		Debug|Any CPU = Debug|Any CPU
		Release|Any CPU = Release|Any CPU
	EndGlobalSection
	GlobalSection(ProjectConfigurationPlatforms) = postSolution
		{5FFF6C19-53F6-46E4-89C2-720E2210DA60}.Debug|Any CPU.ActiveCfg = Debug|Any CPU
		{5FFF6C19-53F6-46E4-89C2-720E2210DA60}.Debug|Any CPU.Build.0 = Debug|Any CPU
		{5FFF6C19-53F6-46E4-89C2-720E2210DA60}.Release|Any CPU.ActiveCfg = Release|Any CPU
		{5FFF6C19-53F6-46E4-89C2-720E2210DA60}.Release|Any CPU.Build.0 = Release|Any CPU
	EndGlobalSection
	GlobalSection(SolutionProperties) = preSolution
		HideSolutionNode = FALSE
	EndGlobalSection
EndGlobal
